
Microsoft Visual Studio Solution File, Format Version 12.00
# Visual Studio 15
Project("{FAE04EC0-301F-11D3-BF4B-00C04F79EFBC}") = "Assembly-CSharp", "Assembly-CSharp.csproj", "{EDBB47AE-0ED6-59A5-5A1F-A84558BE8D5B}"
EndProject
Global
	GlobalSection(SolutionConfigurationPlatforms) = preSolution
		Debug|Any CPU = Debug|Any CPU
		Release|Any CPU = Release|Any CPU
	EndGlobalSection
	GlobalSection(ProjectConfigurationPlatforms) = postSolution
		{EDBB47AE-0ED6-59A5-5A1F-A84558BE8D5B}.Debug|Any CPU.ActiveCfg = Debug|Any CPU
		{EDBB47AE-0ED6-59A5-5A1F-A84558BE8D5B}.Debug|Any CPU.Build.0 = Debug|Any CPU
		{EDBB47AE-0ED6-59A5-5A1F-A84558BE8D5B}.Release|Any CPU.ActiveCfg = Release|Any CPU
		{EDBB47AE-0ED6-59A5-5A1F-A84558BE8D5B}.Release|Any CPU.Build.0 = Release|Any CPU
	EndGlobalSection
	GlobalSection(SolutionProperties) = preSolution
		HideSolutionNode = FALSE
	EndGlobalSection
EndGlobal
